
Microsoft Visual Studio Solution File, Format Version 10.00
# Visual C# Express 2008
Project("{FAE04EC0-301F-11D3-BF4B-00C04F79EFBC}") = "Minesweeper", "Minesweeper\Minesweeper.csproj", "{15B3BA9D-5501-4E3A-B91E-2DE3F2F538A6}"
EndProject
Global
	GlobalSection(SolutionConfigurationPlatforms) = preSolution
		Debug|Any CPU = Debug|Any CPU
		Release|Any CPU = Release|Any CPU
	EndGlobalSection
	GlobalSection(ProjectConfigurationPlatforms) = postSolution
		{15B3BA9D-5501-4E3A-B91E-2DE3F2F538A6}.Debug|Any CPU.ActiveCfg = Debug|Any CPU
		{15B3BA9D-5501-4E3A-B91E-2DE3F2F538A6}.Debug|Any CPU.Build.0 = Debug|Any CPU
		{15B3BA9D-5501-4E3A-B91E-2DE3F2F538A6}.Release|Any CPU.ActiveCfg = Release|Any CPU
		{15B3BA9D-5501-4E3A-B91E-2DE3F2F538A6}.Release|Any CPU.Build.0 = Release|Any CPU
	EndGlobalSection
	GlobalSection(SolutionProperties) = preSolution
		HideSolutionNode = FALSE
	EndGlobalSection
EndGlobal
